{
    "name": "AWS",
    "version": "0.0.0",
    "lockfileVersion": 2,
    "requires": true,
    "packages": {
        "": {
            "version": "0.0.0",
            "devDependencies": {
                "aws-sdk": "2.2.1"
            }
        },
        "node_modules/aws-sdk": {
            "version": "2.2.1",
            "resolved": "https://registry.npmjs.org/aws-sdk/-/aws-sdk-2.2.1.tgz",
            "integrity": "sha1-wCui9kvcuDtBbPmtzTiNKtmY8/g=",
            "deprecated": "This version introduced a breaking change in the way the CopySource parameter is passed in to Amazon S3. Please upgrade to v2.2.4 or higher",
            "dev": true,
            "dependencies": {
                "sax": "0.5.3",
                "xml2js": "0.2.8",
                "xmlbuilder": "0.4.2"
            },
            "engines": {
                "node": ">= 0.8.0"
            }
        },
        "node_modules/sax": {
            "version": "0.5.3",
            "resolved": "https://registry.npmjs.org/sax/-/sax-0.5.3.tgz",
            "integrity": "sha1-N3NxSg2RV8qqcwKXHvpcbc2lUtY=",
            "dev": true
        },
        "node_modules/xml2js": {
            "version": "0.2.8",
            "resolved": "https://registry.npmjs.org/xml2js/-/xml2js-0.2.8.tgz",
            "integrity": "sha1-m4FpCTFjH/CdGVdUn69U9PmAs8I=",
            "dev": true,
            "dependencies": {
                "sax": "0.5.x"
            }
        },
        "node_modules/xmlbuilder": {
            "version": "0.4.2",
            "resolved": "https://registry.npmjs.org/xmlbuilder/-/xmlbuilder-0.4.2.tgz",
            "integrity": "sha1-F3bWXz/brUcKCNhgTN6xxOVA/4M=",
            "dev": true,
            "engines": {
                "node": ">=0.2.0"
            }
        }
    },
    "dependencies": {
        "aws-sdk": {
            "version": "2.2.1",
            "resolved": "https://registry.npmjs.org/aws-sdk/-/aws-sdk-2.2.1.tgz",
            "integrity": "sha1-wCui9kvcuDtBbPmtzTiNKtmY8/g=",
            "dev": true,
            "requires": {
                "sax": "0.5.3",
                "xml2js": "0.2.8",
                "xmlbuilder": "0.4.2"
            }
        },
        "sax": {
            "version": "0.5.3",
            "resolved": "https://registry.npmjs.org/sax/-/sax-0.5.3.tgz",
            "integrity": "sha1-N3NxSg2RV8qqcwKXHvpcbc2lUtY=",
            "dev": true
        },
        "xml2js": {
            "version": "0.2.8",
            "resolved": "https://registry.npmjs.org/xml2js/-/xml2js-0.2.8.tgz",
            "integrity": "sha1-m4FpCTFjH/CdGVdUn69U9PmAs8I=",
            "dev": true,
            "requires": {
                "sax": "0.5.x"
            }
        },
        "xmlbuilder": {
            "version": "0.4.2",
            "resolved": "https://registry.npmjs.org/xmlbuilder/-/xmlbuilder-0.4.2.tgz",
            "integrity": "sha1-F3bWXz/brUcKCNhgTN6xxOVA/4M=",
            "dev": true
        }
    }
}
